{
    "_meta": {
        "hash": {
            "sha256": "82773cff212c0d553ece2e2034b34156809b8c073f9a03d3cd02e8304c036dee"
        },
        "pipfile-spec": 6,
        "requires": {
            "python_version": "3.7"
        },
        "sources": [
            {
                "name": "pypi",
                "url": "https://pypi.org/simple",
                "verify_ssl": true
            }
        ]
    },
    "default": {
        "colorama": {
            "hashes": [
                "sha256:7d73d2a99753107a36ac6b455ee49046802e59d9d076ef8e47b61499fa29afff",
                "sha256:e96da0d330793e2cb9485e9ddfd918d456036c7149416295932478192f4436a1"
            ],
            "version": "==0.4.3"
        },
        "frida": {
            "hashes": [
                "sha256:0d71c0b8429e572807dd0c91dbf605d44e8cfe57b29979dc40841e56d51bdfb2"
            ],
            "version": "==12.8.13"
        },
        "frida-tools": {
            "hashes": [
                "sha256:7d89fad40ab354bc1a98e07a1cb0f36598579087ec70ab9c5c64507cf1bced90"
            ],
            "version": "==7.0.2"
        },
        "prompt-toolkit": {
            "hashes": [
                "sha256:a402e9bf468b63314e37460b68ba68243d55b2f8c4d0192f85a019af3945050e",
                "sha256:c93e53af97f630f12f5f62a3274e79527936ed466f038953dfa379d4941f651a"
            ],
            "version": "==3.0.3"
        },
        "pygments": {
            "hashes": [
                "sha256:2a3fe295e54a20164a9df49c75fa58526d3be48e14aceba6d6b1e8ac0bfd6f1b",
                "sha256:98c8aa5a9f778fcd1026a17361ddaf7330d1b7c62ae97c3bb0ae73e0b9b6b0fe"
            ],
            "version": "==2.5.2"
        },
        "wcwidth": {
            "hashes": [
                "sha256:8fd29383f539be45b20bd4df0dc29c20ba48654a41e661925e612311e9f3c603",
                "sha256:f28b3e8a6483e5d49e7f8949ac1a78314e740333ae305b4ba5defd3e74fb37a8"
            ],
            "version": "==0.1.8"
        }
    },
    "develop": {}
}
